# THIS IS AN AUTOGENERATED FILE. DO NOT EDIT THIS FILE DIRECTLY.
# yarn lockfile v1


detect-indent@~6.0.0:
  version "6.0.0"
  resolved "https://registry.yarnpkg.com/detect-indent/-/detect-indent-6.0.0.tgz#0abd0f549f69fc6659a254fe96786186b6f528fd"
  integrity sha512-oSyFlqaTHCItVRGK5RmrmjB+CmaMOW7IaNA/kdxqhoa6d17j/5ce9O9eWXmV/KEdRwqpQA+Vqe8a8Bsybu4YnA==

doc-ready@^1.0.4:
  version "1.0.4"
  resolved "https://registry.yarnpkg.com/doc-ready/-/doc-ready-1.0.4.tgz#37f5391969cff994303fdfef2e5d50357f8164d3"
  integrity sha1-N/U5GWnP+ZQwP9/vLl1QNX+BZNM=
  dependencies:
    eventie "^1"

docopt@~0.6.2:
  version "0.6.2"
  resolved "https://registry.yarnpkg.com/docopt/-/docopt-0.6.2.tgz#b28e9e2220da5ec49f7ea5bb24a47787405eeb11"
  integrity sha1-so6eIiDaXsSffqW7JKR3h0Be6xE=

dot-json@^1.2.0:
  version "1.2.0"
  resolved "https://registry.yarnpkg.com/dot-json/-/dot-json-1.2.0.tgz#16f62bbb15b0b834f5c8de299cfb9e4d494f2ac1"
  integrity sha512-4bEM7KHFl/U9gAI5nIvU0/fwVzNnE713K339vcxAMtxd2D9mZP6o65UwlcXigJL4rfk90UM0J+D7IPIFYZMQ8Q==
  dependencies:
    detect-indent "~6.0.0"
    docopt "~0.6.2"
    underscore-keypath "~0.0.22"

electron-prompt@^1.5.1:
  version "1.5.1"
  resolved "https://registry.yarnpkg.com/electron-prompt/-/electron-prompt-1.5.1.tgz#fa9e2e519b76236271d7f83ac716b98d53162731"
  integrity sha512-rB5eZWIFXG+GWGbTtm/zDleihFmx7EAibSv04r/EM/fwV7jNzPfLfA86e+lSmYa5ZTFnS5mSQNiZD1YYJWJjXw==
  dependencies:
    doc-ready "^1.0.4"

eventie@^1:
  version "1.0.6"
  resolved "https://registry.yarnpkg.com/eventie/-/eventie-1.0.6.tgz#d4ffc8b0c2b5e493c2aa1b22cbe918d3aee74437"
  integrity sha1-1P/IsMK15JPCqhsiy+kY067nRDc=

lodash.capitalize@^4.2.1:
  version "4.2.1"
  resolved "https://registry.yarnpkg.com/lodash.capitalize/-/lodash.capitalize-4.2.1.tgz#f826c9b4e2a8511d84e3aca29db05e1a4f3b72a9"
  integrity sha1-+CbJtOKoUR2E46yinbBeGk87cqk=

lodash.clonedeep@^4.5.0:
  version "4.5.0"
  resolved "https://registry.yarnpkg.com/lodash.clonedeep/-/lodash.clonedeep-4.5.0.tgz#e23f3f9c4f8fbdde872529c1071857a086e5ccef"
  integrity sha1-4j8/nE+Pvd6HJSnBBxhXoIblzO8=

lodash.invoke@^4.5.2:
  version "4.5.2"
  resolved "https://registry.yarnpkg.com/lodash.invoke/-/lodash.invoke-4.5.2.tgz#01ca07e470903affa3ffec7ad2ed22723d2f697c"
  integrity sha1-AcoH5HCQOv+j/+x60u0icj0vaXw=

tslib@^2.0.0:
  version "2.0.0"
  resolved "https://registry.yarnpkg.com/tslib/-/tslib-2.0.0.tgz#18d13fc2dce04051e20f074cc8387fd8089ce4f3"
  integrity sha512-lTqkx847PI7xEDYJntxZH89L2/aXInsyF2luSafe/+0fHOMjlBNXdH6th7f70qxLDhul7KZK0zC8V5ZIyHl0/g==

underscore-keypath@~0.0.22:
  version "0.0.22"
  resolved "https://registry.yarnpkg.com/underscore-keypath/-/underscore-keypath-0.0.22.tgz#48a528392bb6efc424be1caa56da4b5faccf264d"
  integrity sha1-SKUoOSu278QkvhyqVtpLX6zPJk0=
  dependencies:
    underscore "*"

underscore@*:
  version "1.10.2"
  resolved "https://registry.yarnpkg.com/underscore/-/underscore-1.10.2.tgz#73d6aa3668f3188e4adb0f1943bd12cfd7efaaaf"
  integrity sha512-N4P+Q/BuyuEKFJ43B9gYuOj4TQUHXX+j2FqguVOpjkssLUUrnJofCcBccJSCoeturDoZU6GorDTHSvUDlSQbTg==

user-agents@^1.0.559:
  version "1.0.559"
  resolved "https://registry.yarnpkg.com/user-agents/-/user-agents-1.0.559.tgz#389817f79dff667d9e5c8803631c41043e8eccd8"
  integrity sha512-HdAlNS3vDxOGMRwmv8or05xL96MV3CEwQhUSFTCRoOvTOEnWhTEBPAHRry/xZpVTTOtx77UHMal8YKcx6fs7Lg==
  dependencies:
    dot-json "^1.2.0"
    lodash.clonedeep "^4.5.0"
